
Microsoft Visual Studio Solution File, Format Version 12.00
# Visual Studio Version 17
VisualStudioVersion = 17.5.002.0
MinimumVisualStudioVersion = 10.0.40219.1
Project("{9A19103F-16F7-4668-BE54-9A1E7A4F7556}") = "DesafioFundamentos", "DesafioFundamentos.csproj", "{3C690DBF-BD94-42EA-8B41-9EAEF2629BCC}"
EndProject
Global
	GlobalSection(SolutionConfigurationPlatforms) = preSolution
		Debug|Any CPU = Debug|Any CPU
		Release|Any CPU = Release|Any CPU
	EndGlobalSection
	GlobalSection(ProjectConfigurationPlatforms) = postSolution
		{3C690DBF-BD94-42EA-8B41-9EAEF2629BCC}.Debug|Any CPU.ActiveCfg = Debug|Any CPU
		{3C690DBF-BD94-42EA-8B41-9EAEF2629BCC}.Debug|Any CPU.Build.0 = Debug|Any CPU
		{3C690DBF-BD94-42EA-8B41-9EAEF2629BCC}.Release|Any CPU.ActiveCfg = Release|Any CPU
		{3C690DBF-BD94-42EA-8B41-9EAEF2629BCC}.Release|Any CPU.Build.0 = Release|Any CPU
	EndGlobalSection
	GlobalSection(SolutionProperties) = preSolution
		HideSolutionNode = FALSE
	EndGlobalSection
	GlobalSection(ExtensibilityGlobals) = postSolution
		SolutionGuid = {CCB1EB22-0833-4EF5-A1F1-C3C3C82151FE}
	EndGlobalSection
EndGlobal
